
Microsoft Visual Studio Solution File, Format Version 12.00
# Visual Studio Version 16
VisualStudioVersion = 16.0.30503.244
MinimumVisualStudioVersion = 10.0.40219.1
Project("{FAE04EC0-301F-11D3-BF4B-00C04F79EFBC}") = "Stralen", "Stralen\Stralen.csproj", "{28911264-AC7F-4D08-ADDC-A9D878F4C642}"
EndProject
Global
	GlobalSection(SolutionConfigurationPlatforms) = preSolution
		Debug|Any CPU = Debug|Any CPU
		Release|Any CPU = Release|Any CPU
	EndGlobalSection
	GlobalSection(ProjectConfigurationPlatforms) = postSolution
		{28911264-AC7F-4D08-ADDC-A9D878F4C642}.Debug|Any CPU.ActiveCfg = Debug|Any CPU
		{28911264-AC7F-4D08-ADDC-A9D878F4C642}.Debug|Any CPU.Build.0 = Debug|Any CPU
		{28911264-AC7F-4D08-ADDC-A9D878F4C642}.Release|Any CPU.ActiveCfg = Release|Any CPU
		{28911264-AC7F-4D08-ADDC-A9D878F4C642}.Release|Any CPU.Build.0 = Release|Any CPU
	EndGlobalSection
	GlobalSection(SolutionProperties) = preSolution
		HideSolutionNode = FALSE
	EndGlobalSection
	GlobalSection(ExtensibilityGlobals) = postSolution
		SolutionGuid = {9DC091D2-F1AC-446B-8952-343F07C1B746}
	EndGlobalSection
EndGlobal
